
Microsoft Visual Studio Solution File, Format Version 12.00
Project("{FAE04EC0-301F-11D3-BF4B-00C04F79EFBC}") = "ThreadPoolSample", "ThreadPoolSample\ThreadPoolSample.csproj", "{36D865C3-9E26-4737-AAF4-9464F4247ECB}"
EndProject
Global
	GlobalSection(SolutionConfigurationPlatforms) = preSolution
		Debug|Any CPU = Debug|Any CPU
		Release|Any CPU = Release|Any CPU
	EndGlobalSection
	GlobalSection(ProjectConfigurationPlatforms) = postSolution
		{36D865C3-9E26-4737-AAF4-9464F4247ECB}.Debug|Any CPU.ActiveCfg = Debug|Any CPU
		{36D865C3-9E26-4737-AAF4-9464F4247ECB}.Debug|Any CPU.Build.0 = Debug|Any CPU
		{36D865C3-9E26-4737-AAF4-9464F4247ECB}.Release|Any CPU.ActiveCfg = Release|Any CPU
		{36D865C3-9E26-4737-AAF4-9464F4247ECB}.Release|Any CPU.Build.0 = Release|Any CPU
	EndGlobalSection
EndGlobal
