
Microsoft Visual Studio Solution File, Format Version 12.00
Project("{FAE04EC0-301F-11D3-BF4B-00C04F79EFBC}") = "MiniATM.Entities", "MiniATM.Entities\MiniATM.Entities.csproj", "{3BCD4E26-4FE7-461E-A906-C9AB67BAC11C}"
EndProject
Project("{FAE04EC0-301F-11D3-BF4B-00C04F79EFBC}") = "MiniATM.UseCases", "MiniATM.UseCases\MiniATM.UseCases.csproj", "{756F2FE0-ECD2-4DAF-A445-5B74C56070C8}"
EndProject
Project("{FAE04EC0-301F-11D3-BF4B-00C04F79EFBC}") = "MiniATM.Infrastructure", "MiniATM.Infrastructure\MiniATM.Infrastructure.csproj", "{2620467B-7495-406C-A561-D7402B04FAB1}"
EndProject
Project("{FAE04EC0-301F-11D3-BF4B-00C04F79EFBC}") = "MiniATM.Infrastructure.SqlServer", "MiniATM.Infrastructure.SqlServer\MiniATM.Infrastructure.SqlServer.csproj", "{99207C69-090A-4381-AE74-68974D370CDF}"
EndProject
Project("{FAE04EC0-301F-11D3-BF4B-00C04F79EFBC}") = "MiniATM.UseCases.Caching", "MiniATM.UseCases.Caching\MiniATM.UseCases.Caching.csproj", "{C551B237-E0E7-4B08-9EEB-DC352073CCB9}"
EndProject
Global
	GlobalSection(SolutionConfigurationPlatforms) = preSolution
		Debug|Any CPU = Debug|Any CPU
		Release|Any CPU = Release|Any CPU
	EndGlobalSection
	GlobalSection(ProjectConfigurationPlatforms) = postSolution
		{3BCD4E26-4FE7-461E-A906-C9AB67BAC11C}.Debug|Any CPU.ActiveCfg = Debug|Any CPU
		{3BCD4E26-4FE7-461E-A906-C9AB67BAC11C}.Debug|Any CPU.Build.0 = Debug|Any CPU
		{3BCD4E26-4FE7-461E-A906-C9AB67BAC11C}.Release|Any CPU.ActiveCfg = Release|Any CPU
		{3BCD4E26-4FE7-461E-A906-C9AB67BAC11C}.Release|Any CPU.Build.0 = Release|Any CPU
		{756F2FE0-ECD2-4DAF-A445-5B74C56070C8}.Debug|Any CPU.ActiveCfg = Debug|Any CPU
		{756F2FE0-ECD2-4DAF-A445-5B74C56070C8}.Debug|Any CPU.Build.0 = Debug|Any CPU
		{756F2FE0-ECD2-4DAF-A445-5B74C56070C8}.Release|Any CPU.ActiveCfg = Release|Any CPU
		{756F2FE0-ECD2-4DAF-A445-5B74C56070C8}.Release|Any CPU.Build.0 = Release|Any CPU
		{2620467B-7495-406C-A561-D7402B04FAB1}.Debug|Any CPU.ActiveCfg = Debug|Any CPU
		{2620467B-7495-406C-A561-D7402B04FAB1}.Debug|Any CPU.Build.0 = Debug|Any CPU
		{2620467B-7495-406C-A561-D7402B04FAB1}.Release|Any CPU.ActiveCfg = Release|Any CPU
		{2620467B-7495-406C-A561-D7402B04FAB1}.Release|Any CPU.Build.0 = Release|Any CPU
		{99207C69-090A-4381-AE74-68974D370CDF}.Debug|Any CPU.ActiveCfg = Debug|Any CPU
		{99207C69-090A-4381-AE74-68974D370CDF}.Debug|Any CPU.Build.0 = Debug|Any CPU
		{99207C69-090A-4381-AE74-68974D370CDF}.Release|Any CPU.ActiveCfg = Release|Any CPU
		{99207C69-090A-4381-AE74-68974D370CDF}.Release|Any CPU.Build.0 = Release|Any CPU
		{C551B237-E0E7-4B08-9EEB-DC352073CCB9}.Debug|Any CPU.ActiveCfg = Debug|Any CPU
		{C551B237-E0E7-4B08-9EEB-DC352073CCB9}.Debug|Any CPU.Build.0 = Debug|Any CPU
		{C551B237-E0E7-4B08-9EEB-DC352073CCB9}.Release|Any CPU.ActiveCfg = Release|Any CPU
		{C551B237-E0E7-4B08-9EEB-DC352073CCB9}.Release|Any CPU.Build.0 = Release|Any CPU
	EndGlobalSection
EndGlobal
